
Microsoft Visual Studio Solution File, Format Version 12.00
# Visual Studio Version 17
VisualStudioVersion = 17.5.33424.131
MinimumVisualStudioVersion = 10.0.40219.1
Project("{FAE04EC0-301F-11D3-BF4B-00C04F79EFBC}") = "DiamantesDeX.App", "DiamantesDeX.App\DiamantesDeX.App.csproj", "{E0174345-A1FC-4C8B-A9F5-E0D5D62BA880}"
EndProject
Global
	GlobalSection(SolutionConfigurationPlatforms) = preSolution
		Debug|Any CPU = Debug|Any CPU
		Release|Any CPU = Release|Any CPU
	EndGlobalSection
	GlobalSection(ProjectConfigurationPlatforms) = postSolution
		{E0174345-A1FC-4C8B-A9F5-E0D5D62BA880}.Debug|Any CPU.ActiveCfg = Debug|Any CPU
		{E0174345-A1FC-4C8B-A9F5-E0D5D62BA880}.Debug|Any CPU.Build.0 = Debug|Any CPU
		{E0174345-A1FC-4C8B-A9F5-E0D5D62BA880}.Release|Any CPU.ActiveCfg = Release|Any CPU
		{E0174345-A1FC-4C8B-A9F5-E0D5D62BA880}.Release|Any CPU.Build.0 = Release|Any CPU
	EndGlobalSection
	GlobalSection(SolutionProperties) = preSolution
		HideSolutionNode = FALSE
	EndGlobalSection
	GlobalSection(ExtensibilityGlobals) = postSolution
		SolutionGuid = {4F9200BA-87BA-4713-825C-EA47988154B4}
	EndGlobalSection
EndGlobal
